
Microsoft Visual Studio Solution File, Format Version 12.00
# Visual Studio Version 17
VisualStudioVersion = 17.0.31903.59
MinimumVisualStudioVersion = 10.0.40219.1
Project("{2150E333-8FDC-42A3-9474-1A3956D46DE8}") = "tests", "tests", "{0AB3BF05-4346-4AA6-1389-037BE0695223}"
EndProject
Project("{FAE04EC0-301F-11D3-BF4B-00C04F79EFBC}") = "FinTrust.AccountAPI.UnitTests", "tests\FinTrust.AccountAPI.UnitTests\FinTrust.AccountAPI.UnitTests.csproj", "{1E97FD4C-202E-40A0-A7F5-CBD051F0D9D8}"
EndProject
Project("{2150E333-8FDC-42A3-9474-1A3956D46DE8}") = "src", "src", "{827E0CD3-B72D-47B6-A68D-7590B98EB39B}"
EndProject
Project("{FAE04EC0-301F-11D3-BF4B-00C04F79EFBC}") = "FinTrust.AccountAPI.Domain", "src\FinTrust.AccountAPI.Domain\FinTrust.AccountAPI.Domain.csproj", "{3C980B63-AD42-472A-AC40-183BF1AC5C0B}"
EndProject
Project("{FAE04EC0-301F-11D3-BF4B-00C04F79EFBC}") = "FinTrust.AccountAPI.Application", "src\FinTrust.AccountAPI.Application\FinTrust.AccountAPI.Application.csproj", "{A1B21E55-8007-443E-AD1C-C1A6BDAF3C3A}"
EndProject
Project("{FAE04EC0-301F-11D3-BF4B-00C04F79EFBC}") = "FinTrust.AccountAPI.WebAPI", "src\FinTrust.AccountAPI.WebAPI\FinTrust.AccountAPI.WebAPI.csproj", "{C79A3B9C-B561-49A2-A267-F33245286ABA}"
EndProject
Project("{FAE04EC0-301F-11D3-BF4B-00C04F79EFBC}") = "FinTrust.AccountAPI.Infrastructure", "src\FinTrust.AccountAPI.Infrastructure\FinTrust.AccountAPI.Infrastructure.csproj", "{81CA289C-2553-4836-A2BB-2E7DA828935D}"
EndProject
Global
	GlobalSection(SolutionConfigurationPlatforms) = preSolution
		Debug|Any CPU = Debug|Any CPU
		Debug|x64 = Debug|x64
		Debug|x86 = Debug|x86
		Release|Any CPU = Release|Any CPU
		Release|x64 = Release|x64
		Release|x86 = Release|x86
	EndGlobalSection
	GlobalSection(ProjectConfigurationPlatforms) = postSolution
		{1E97FD4C-202E-40A0-A7F5-CBD051F0D9D8}.Debug|Any CPU.ActiveCfg = Debug|Any CPU
		{1E97FD4C-202E-40A0-A7F5-CBD051F0D9D8}.Debug|Any CPU.Build.0 = Debug|Any CPU
		{1E97FD4C-202E-40A0-A7F5-CBD051F0D9D8}.Debug|x64.ActiveCfg = Debug|Any CPU
		{1E97FD4C-202E-40A0-A7F5-CBD051F0D9D8}.Debug|x64.Build.0 = Debug|Any CPU
		{1E97FD4C-202E-40A0-A7F5-CBD051F0D9D8}.Debug|x86.ActiveCfg = Debug|Any CPU
		{1E97FD4C-202E-40A0-A7F5-CBD051F0D9D8}.Debug|x86.Build.0 = Debug|Any CPU
		{1E97FD4C-202E-40A0-A7F5-CBD051F0D9D8}.Release|Any CPU.ActiveCfg = Release|Any CPU
		{1E97FD4C-202E-40A0-A7F5-CBD051F0D9D8}.Release|Any CPU.Build.0 = Release|Any CPU
		{1E97FD4C-202E-40A0-A7F5-CBD051F0D9D8}.Release|x64.ActiveCfg = Release|Any CPU
		{1E97FD4C-202E-40A0-A7F5-CBD051F0D9D8}.Release|x64.Build.0 = Release|Any CPU
		{1E97FD4C-202E-40A0-A7F5-CBD051F0D9D8}.Release|x86.ActiveCfg = Release|Any CPU
		{1E97FD4C-202E-40A0-A7F5-CBD051F0D9D8}.Release|x86.Build.0 = Release|Any CPU
		{3C980B63-AD42-472A-AC40-183BF1AC5C0B}.Debug|Any CPU.ActiveCfg = Debug|Any CPU
		{3C980B63-AD42-472A-AC40-183BF1AC5C0B}.Debug|Any CPU.Build.0 = Debug|Any CPU
		{3C980B63-AD42-472A-AC40-183BF1AC5C0B}.Debug|x64.ActiveCfg = Debug|Any CPU
		{3C980B63-AD42-472A-AC40-183BF1AC5C0B}.Debug|x64.Build.0 = Debug|Any CPU
		{3C980B63-AD42-472A-AC40-183BF1AC5C0B}.Debug|x86.ActiveCfg = Debug|Any CPU
		{3C980B63-AD42-472A-AC40-183BF1AC5C0B}.Debug|x86.Build.0 = Debug|Any CPU
		{3C980B63-AD42-472A-AC40-183BF1AC5C0B}.Release|Any CPU.ActiveCfg = Release|Any CPU
		{3C980B63-AD42-472A-AC40-183BF1AC5C0B}.Release|Any CPU.Build.0 = Release|Any CPU
		{3C980B63-AD42-472A-AC40-183BF1AC5C0B}.Release|x64.ActiveCfg = Release|Any CPU
		{3C980B63-AD42-472A-AC40-183BF1AC5C0B}.Release|x64.Build.0 = Release|Any CPU
		{3C980B63-AD42-472A-AC40-183BF1AC5C0B}.Release|x86.ActiveCfg = Release|Any CPU
		{3C980B63-AD42-472A-AC40-183BF1AC5C0B}.Release|x86.Build.0 = Release|Any CPU
		{A1B21E55-8007-443E-AD1C-C1A6BDAF3C3A}.Debug|Any CPU.ActiveCfg = Debug|Any CPU
		{A1B21E55-8007-443E-AD1C-C1A6BDAF3C3A}.Debug|Any CPU.Build.0 = Debug|Any CPU
		{A1B21E55-8007-443E-AD1C-C1A6BDAF3C3A}.Debug|x64.ActiveCfg = Debug|Any CPU
		{A1B21E55-8007-443E-AD1C-C1A6BDAF3C3A}.Debug|x64.Build.0 = Debug|Any CPU
		{A1B21E55-8007-443E-AD1C-C1A6BDAF3C3A}.Debug|x86.ActiveCfg = Debug|Any CPU
		{A1B21E55-8007-443E-AD1C-C1A6BDAF3C3A}.Debug|x86.Build.0 = Debug|Any CPU
		{A1B21E55-8007-443E-AD1C-C1A6BDAF3C3A}.Release|Any CPU.ActiveCfg = Release|Any CPU
		{A1B21E55-8007-443E-AD1C-C1A6BDAF3C3A}.Release|Any CPU.Build.0 = Release|Any CPU
		{A1B21E55-8007-443E-AD1C-C1A6BDAF3C3A}.Release|x64.ActiveCfg = Release|Any CPU
		{A1B21E55-8007-443E-AD1C-C1A6BDAF3C3A}.Release|x64.Build.0 = Release|Any CPU
		{A1B21E55-8007-443E-AD1C-C1A6BDAF3C3A}.Release|x86.ActiveCfg = Release|Any CPU
		{A1B21E55-8007-443E-AD1C-C1A6BDAF3C3A}.Release|x86.Build.0 = Release|Any CPU
		{C79A3B9C-B561-49A2-A267-F33245286ABA}.Debug|Any CPU.ActiveCfg = Debug|Any CPU
		{C79A3B9C-B561-49A2-A267-F33245286ABA}.Debug|Any CPU.Build.0 = Debug|Any CPU
		{C79A3B9C-B561-49A2-A267-F33245286ABA}.Debug|x64.ActiveCfg = Debug|Any CPU
		{C79A3B9C-B561-49A2-A267-F33245286ABA}.Debug|x64.Build.0 = Debug|Any CPU
		{C79A3B9C-B561-49A2-A267-F33245286ABA}.Debug|x86.ActiveCfg = Debug|Any CPU
		{C79A3B9C-B561-49A2-A267-F33245286ABA}.Debug|x86.Build.0 = Debug|Any CPU
		{C79A3B9C-B561-49A2-A267-F33245286ABA}.Release|Any CPU.ActiveCfg = Release|Any CPU
		{C79A3B9C-B561-49A2-A267-F33245286ABA}.Release|Any CPU.Build.0 = Release|Any CPU
		{C79A3B9C-B561-49A2-A267-F33245286ABA}.Release|x64.ActiveCfg = Release|Any CPU
		{C79A3B9C-B561-49A2-A267-F33245286ABA}.Release|x64.Build.0 = Release|Any CPU
		{C79A3B9C-B561-49A2-A267-F33245286ABA}.Release|x86.ActiveCfg = Release|Any CPU
		{C79A3B9C-B561-49A2-A267-F33245286ABA}.Release|x86.Build.0 = Release|Any CPU
		{81CA289C-2553-4836-A2BB-2E7DA828935D}.Debug|Any CPU.ActiveCfg = Debug|Any CPU
		{81CA289C-2553-4836-A2BB-2E7DA828935D}.Debug|Any CPU.Build.0 = Debug|Any CPU
		{81CA289C-2553-4836-A2BB-2E7DA828935D}.Debug|x64.ActiveCfg = Debug|Any CPU
		{81CA289C-2553-4836-A2BB-2E7DA828935D}.Debug|x64.Build.0 = Debug|Any CPU
		{81CA289C-2553-4836-A2BB-2E7DA828935D}.Debug|x86.ActiveCfg = Debug|Any CPU
		{81CA289C-2553-4836-A2BB-2E7DA828935D}.Debug|x86.Build.0 = Debug|Any CPU
		{81CA289C-2553-4836-A2BB-2E7DA828935D}.Release|Any CPU.ActiveCfg = Release|Any CPU
		{81CA289C-2553-4836-A2BB-2E7DA828935D}.Release|Any CPU.Build.0 = Release|Any CPU
		{81CA289C-2553-4836-A2BB-2E7DA828935D}.Release|x64.ActiveCfg = Release|Any CPU
		{81CA289C-2553-4836-A2BB-2E7DA828935D}.Release|x64.Build.0 = Release|Any CPU
		{81CA289C-2553-4836-A2BB-2E7DA828935D}.Release|x86.ActiveCfg = Release|Any CPU
		{81CA289C-2553-4836-A2BB-2E7DA828935D}.Release|x86.Build.0 = Release|Any CPU
	EndGlobalSection
	GlobalSection(SolutionProperties) = preSolution
		HideSolutionNode = FALSE
	EndGlobalSection
	GlobalSection(NestedProjects) = preSolution
		{1E97FD4C-202E-40A0-A7F5-CBD051F0D9D8} = {0AB3BF05-4346-4AA6-1389-037BE0695223}
		{3C980B63-AD42-472A-AC40-183BF1AC5C0B} = {827E0CD3-B72D-47B6-A68D-7590B98EB39B}
		{A1B21E55-8007-443E-AD1C-C1A6BDAF3C3A} = {827E0CD3-B72D-47B6-A68D-7590B98EB39B}
		{C79A3B9C-B561-49A2-A267-F33245286ABA} = {827E0CD3-B72D-47B6-A68D-7590B98EB39B}
		{81CA289C-2553-4836-A2BB-2E7DA828935D} = {827E0CD3-B72D-47B6-A68D-7590B98EB39B}
	EndGlobalSection
EndGlobal
